
Microsoft Visual Studio Solution File, Format Version 12.00
# Visual Studio Version 17
VisualStudioVersion = 17.1.31911.260
MinimumVisualStudioVersion = 10.0.40219.1
Project("{9A19103F-16F7-4668-BE54-9A1E7A4F7556}") = "RatScanner", "RatScanner\RatScanner.csproj", "{6C9373BE-454F-4A4A-850E-17AC27C76992}"
EndProject
Project("{9A19103F-16F7-4668-BE54-9A1E7A4F7556}") = "RatRazor", "RatRazor\RatRazor.csproj", "{D27FA891-1946-43A1-973D-B1D73F7894A7}"
EndProject
Project("{9A19103F-16F7-4668-BE54-9A1E7A4F7556}") = "RatTracking", "RatTracking\RatTracking.csproj", "{76A6BE31-0BA6-42B4-9DAA-27F5A78CAFE0}"
EndProject
Project("{9A19103F-16F7-4668-BE54-9A1E7A4F7556}") = "RatLib", "RatLib\RatLib.csproj", "{68D8C220-83AB-4B3A-B45B-C5B3BE2480E6}"
EndProject
Global
	GlobalSection(SolutionConfigurationPlatforms) = preSolution
		Debug|Any CPU = Debug|Any CPU
		Debug|x64 = Debug|x64
		Debug|x86 = Debug|x86
		Release|Any CPU = Release|Any CPU
		Release|x64 = Release|x64
		Release|x86 = Release|x86
	EndGlobalSection
	GlobalSection(ProjectConfigurationPlatforms) = postSolution
		{6C9373BE-454F-4A4A-850E-17AC27C76992}.Debug|Any CPU.ActiveCfg = Debug|Any CPU
		{6C9373BE-454F-4A4A-850E-17AC27C76992}.Debug|Any CPU.Build.0 = Debug|Any CPU
		{6C9373BE-454F-4A4A-850E-17AC27C76992}.Debug|x64.ActiveCfg = Debug|Any CPU
		{6C9373BE-454F-4A4A-850E-17AC27C76992}.Debug|x64.Build.0 = Debug|Any CPU
		{6C9373BE-454F-4A4A-850E-17AC27C76992}.Debug|x86.ActiveCfg = Debug|Any CPU
		{6C9373BE-454F-4A4A-850E-17AC27C76992}.Debug|x86.Build.0 = Debug|Any CPU
		{6C9373BE-454F-4A4A-850E-17AC27C76992}.Release|Any CPU.ActiveCfg = Release|Any CPU
		{6C9373BE-454F-4A4A-850E-17AC27C76992}.Release|Any CPU.Build.0 = Release|Any CPU
		{6C9373BE-454F-4A4A-850E-17AC27C76992}.Release|x64.ActiveCfg = Release|Any CPU
		{6C9373BE-454F-4A4A-850E-17AC27C76992}.Release|x64.Build.0 = Release|Any CPU
		{6C9373BE-454F-4A4A-850E-17AC27C76992}.Release|x86.ActiveCfg = Release|Any CPU
		{6C9373BE-454F-4A4A-850E-17AC27C76992}.Release|x86.Build.0 = Release|Any CPU
		{D27FA891-1946-43A1-973D-B1D73F7894A7}.Debug|Any CPU.ActiveCfg = Debug|Any CPU
		{D27FA891-1946-43A1-973D-B1D73F7894A7}.Debug|Any CPU.Build.0 = Debug|Any CPU
		{D27FA891-1946-43A1-973D-B1D73F7894A7}.Debug|x64.ActiveCfg = Debug|Any CPU
		{D27FA891-1946-43A1-973D-B1D73F7894A7}.Debug|x64.Build.0 = Debug|Any CPU
		{D27FA891-1946-43A1-973D-B1D73F7894A7}.Debug|x86.ActiveCfg = Debug|Any CPU
		{D27FA891-1946-43A1-973D-B1D73F7894A7}.Debug|x86.Build.0 = Debug|Any CPU
		{D27FA891-1946-43A1-973D-B1D73F7894A7}.Release|Any CPU.ActiveCfg = Release|Any CPU
		{D27FA891-1946-43A1-973D-B1D73F7894A7}.Release|Any CPU.Build.0 = Release|Any CPU
		{D27FA891-1946-43A1-973D-B1D73F7894A7}.Release|x64.ActiveCfg = Release|Any CPU
		{D27FA891-1946-43A1-973D-B1D73F7894A7}.Release|x64.Build.0 = Release|Any CPU
		{D27FA891-1946-43A1-973D-B1D73F7894A7}.Release|x86.ActiveCfg = Release|Any CPU
		{D27FA891-1946-43A1-973D-B1D73F7894A7}.Release|x86.Build.0 = Release|Any CPU
		{76A6BE31-0BA6-42B4-9DAA-27F5A78CAFE0}.Debug|Any CPU.ActiveCfg = Debug|Any CPU
		{76A6BE31-0BA6-42B4-9DAA-27F5A78CAFE0}.Debug|Any CPU.Build.0 = Debug|Any CPU
		{76A6BE31-0BA6-42B4-9DAA-27F5A78CAFE0}.Debug|x64.ActiveCfg = Debug|Any CPU
		{76A6BE31-0BA6-42B4-9DAA-27F5A78CAFE0}.Debug|x64.Build.0 = Debug|Any CPU
		{76A6BE31-0BA6-42B4-9DAA-27F5A78CAFE0}.Debug|x86.ActiveCfg = Debug|Any CPU
		{76A6BE31-0BA6-42B4-9DAA-27F5A78CAFE0}.Debug|x86.Build.0 = Debug|Any CPU
		{76A6BE31-0BA6-42B4-9DAA-27F5A78CAFE0}.Release|Any CPU.ActiveCfg = Release|Any CPU
		{76A6BE31-0BA6-42B4-9DAA-27F5A78CAFE0}.Release|Any CPU.Build.0 = Release|Any CPU
		{76A6BE31-0BA6-42B4-9DAA-27F5A78CAFE0}.Release|x64.ActiveCfg = Release|Any CPU
		{76A6BE31-0BA6-42B4-9DAA-27F5A78CAFE0}.Release|x64.Build.0 = Release|Any CPU
		{76A6BE31-0BA6-42B4-9DAA-27F5A78CAFE0}.Release|x86.ActiveCfg = Release|Any CPU
		{76A6BE31-0BA6-42B4-9DAA-27F5A78CAFE0}.Release|x86.Build.0 = Release|Any CPU
		{68D8C220-83AB-4B3A-B45B-C5B3BE2480E6}.Debug|Any CPU.ActiveCfg = Debug|Any CPU
		{68D8C220-83AB-4B3A-B45B-C5B3BE2480E6}.Debug|Any CPU.Build.0 = Debug|Any CPU
		{68D8C220-83AB-4B3A-B45B-C5B3BE2480E6}.Debug|x64.ActiveCfg = Debug|Any CPU
		{68D8C220-83AB-4B3A-B45B-C5B3BE2480E6}.Debug|x64.Build.0 = Debug|Any CPU
		{68D8C220-83AB-4B3A-B45B-C5B3BE2480E6}.Debug|x86.ActiveCfg = Debug|Any CPU
		{68D8C220-83AB-4B3A-B45B-C5B3BE2480E6}.Debug|x86.Build.0 = Debug|Any CPU
		{68D8C220-83AB-4B3A-B45B-C5B3BE2480E6}.Release|Any CPU.ActiveCfg = Release|Any CPU
		{68D8C220-83AB-4B3A-B45B-C5B3BE2480E6}.Release|Any CPU.Build.0 = Release|Any CPU
		{68D8C220-83AB-4B3A-B45B-C5B3BE2480E6}.Release|x64.ActiveCfg = Release|Any CPU
		{68D8C220-83AB-4B3A-B45B-C5B3BE2480E6}.Release|x64.Build.0 = Release|Any CPU
		{68D8C220-83AB-4B3A-B45B-C5B3BE2480E6}.Release|x86.ActiveCfg = Release|Any CPU
		{68D8C220-83AB-4B3A-B45B-C5B3BE2480E6}.Release|x86.Build.0 = Release|Any CPU
	EndGlobalSection
	GlobalSection(SolutionProperties) = preSolution
		HideSolutionNode = FALSE
	EndGlobalSection
	GlobalSection(ExtensibilityGlobals) = postSolution
		SolutionGuid = {5D6B0444-0DC5-4640-AFC4-09E0F271F0F0}
	EndGlobalSection
EndGlobal
